
Microsoft Visual Studio Solution File, Format Version 12.00
# Visual Studio Version 16
VisualStudioVersion = 16.0.29806.167
MinimumVisualStudioVersion = 10.0.40219.1
Project("{9A19103F-16F7-4668-BE54-9A1E7A4F7556}") = "PizzaBox.Client", "PizzaBox.Client\PizzaBox.Client.csproj", "{FC3F94CC-C6A4-4311-B00E-41319402AC14}"
EndProject
Project("{9A19103F-16F7-4668-BE54-9A1E7A4F7556}") = "PizzaBox.Domain", "PizzaBox.Domain\PizzaBox.Domain.csproj", "{6A9440F4-53D0-429F-8423-92A2A05727F3}"
EndProject
Project("{9A19103F-16F7-4668-BE54-9A1E7A4F7556}") = "PizzaBox.Storage", "PizzaBox.Storage\PizzaBox.Storage.csproj", "{DA7F8CCA-CA0A-4EA3-9253-FDFCFD30D28B}"
EndProject
Project("{9A19103F-16F7-4668-BE54-9A1E7A4F7556}") = "PizzaBox.Testing", "PizzaBox.Testing\PizzaBox.Testing.csproj", "{AA65E41A-9FAF-4B48-B19F-39259F03AB33}"
EndProject
Project("{9A19103F-16F7-4668-BE54-9A1E7A4F7556}") = "Pizzabox.WPFTesting", "Pizzabox.WPFTesting\Pizzabox.WPFTesting.csproj", "{14C113FA-DB7E-44BD-8ADE-006D3429BB2D}"
EndProject
Project("{FAE04EC0-301F-11D3-BF4B-00C04F79EFBC}") = "PizzaBox.xUnitTest", "PizzaBox.xUnitTest\PizzaBox.xUnitTest.csproj", "{58E57375-8459-49E2-A476-DFCB2813BD51}"
EndProject
Global
	GlobalSection(SolutionConfigurationPlatforms) = preSolution
		Debug|Any CPU = Debug|Any CPU
		Release|Any CPU = Release|Any CPU
	EndGlobalSection
	GlobalSection(ProjectConfigurationPlatforms) = postSolution
		{FC3F94CC-C6A4-4311-B00E-41319402AC14}.Debug|Any CPU.ActiveCfg = Debug|Any CPU
		{FC3F94CC-C6A4-4311-B00E-41319402AC14}.Debug|Any CPU.Build.0 = Debug|Any CPU
		{FC3F94CC-C6A4-4311-B00E-41319402AC14}.Release|Any CPU.ActiveCfg = Release|Any CPU
		{FC3F94CC-C6A4-4311-B00E-41319402AC14}.Release|Any CPU.Build.0 = Release|Any CPU
		{6A9440F4-53D0-429F-8423-92A2A05727F3}.Debug|Any CPU.ActiveCfg = Debug|Any CPU
		{6A9440F4-53D0-429F-8423-92A2A05727F3}.Debug|Any CPU.Build.0 = Debug|Any CPU
		{6A9440F4-53D0-429F-8423-92A2A05727F3}.Release|Any CPU.ActiveCfg = Release|Any CPU
		{6A9440F4-53D0-429F-8423-92A2A05727F3}.Release|Any CPU.Build.0 = Release|Any CPU
		{DA7F8CCA-CA0A-4EA3-9253-FDFCFD30D28B}.Debug|Any CPU.ActiveCfg = Debug|Any CPU
		{DA7F8CCA-CA0A-4EA3-9253-FDFCFD30D28B}.Debug|Any CPU.Build.0 = Debug|Any CPU
		{DA7F8CCA-CA0A-4EA3-9253-FDFCFD30D28B}.Release|Any CPU.ActiveCfg = Release|Any CPU
		{DA7F8CCA-CA0A-4EA3-9253-FDFCFD30D28B}.Release|Any CPU.Build.0 = Release|Any CPU
		{AA65E41A-9FAF-4B48-B19F-39259F03AB33}.Debug|Any CPU.ActiveCfg = Debug|Any CPU
		{AA65E41A-9FAF-4B48-B19F-39259F03AB33}.Debug|Any CPU.Build.0 = Debug|Any CPU
		{AA65E41A-9FAF-4B48-B19F-39259F03AB33}.Release|Any CPU.ActiveCfg = Release|Any CPU
		{AA65E41A-9FAF-4B48-B19F-39259F03AB33}.Release|Any CPU.Build.0 = Release|Any CPU
		{14C113FA-DB7E-44BD-8ADE-006D3429BB2D}.Debug|Any CPU.ActiveCfg = Debug|Any CPU
		{14C113FA-DB7E-44BD-8ADE-006D3429BB2D}.Debug|Any CPU.Build.0 = Debug|Any CPU
		{14C113FA-DB7E-44BD-8ADE-006D3429BB2D}.Release|Any CPU.ActiveCfg = Release|Any CPU
		{14C113FA-DB7E-44BD-8ADE-006D3429BB2D}.Release|Any CPU.Build.0 = Release|Any CPU
		{58E57375-8459-49E2-A476-DFCB2813BD51}.Debug|Any CPU.ActiveCfg = Debug|Any CPU
		{58E57375-8459-49E2-A476-DFCB2813BD51}.Debug|Any CPU.Build.0 = Debug|Any CPU
		{58E57375-8459-49E2-A476-DFCB2813BD51}.Release|Any CPU.ActiveCfg = Release|Any CPU
		{58E57375-8459-49E2-A476-DFCB2813BD51}.Release|Any CPU.Build.0 = Release|Any CPU
	EndGlobalSection
	GlobalSection(SolutionProperties) = preSolution
		HideSolutionNode = FALSE
	EndGlobalSection
	GlobalSection(ExtensibilityGlobals) = postSolution
		SolutionGuid = {96539202-B9B2-4A29-A775-4A893AC52115}
	EndGlobalSection
EndGlobal
