
Microsoft Visual Studio Solution File, Format Version 12.00
# Visual Studio Version 16
VisualStudioVersion = 16.0.29926.136
MinimumVisualStudioVersion = 10.0.40219.1
Project("{FAE04EC0-301F-11D3-BF4B-00C04F79EFBC}") = "AK.PartyInvites.MVC", "AK.PartyInvites.MVC\AK.PartyInvites.MVC.csproj", "{5BD7F050-DC19-414A-8A91-0A14D0534BC6}"
EndProject
Global
	GlobalSection(SolutionConfigurationPlatforms) = preSolution
		Debug|Any CPU = Debug|Any CPU
		Release|Any CPU = Release|Any CPU
	EndGlobalSection
	GlobalSection(ProjectConfigurationPlatforms) = postSolution
		{5BD7F050-DC19-414A-8A91-0A14D0534BC6}.Debug|Any CPU.ActiveCfg = Debug|Any CPU
		{5BD7F050-DC19-414A-8A91-0A14D0534BC6}.Debug|Any CPU.Build.0 = Debug|Any CPU
		{5BD7F050-DC19-414A-8A91-0A14D0534BC6}.Release|Any CPU.ActiveCfg = Release|Any CPU
		{5BD7F050-DC19-414A-8A91-0A14D0534BC6}.Release|Any CPU.Build.0 = Release|Any CPU
	EndGlobalSection
	GlobalSection(SolutionProperties) = preSolution
		HideSolutionNode = FALSE
	EndGlobalSection
	GlobalSection(ExtensibilityGlobals) = postSolution
		SolutionGuid = {AFBFF016-2415-47FC-99B3-E4DE2A2CB5B2}
	EndGlobalSection
EndGlobal
